
Microsoft Visual Studio Solution File, Format Version 12.00
# Visual Studio Version 17
VisualStudioVersion = 17.6.33723.286
MinimumVisualStudioVersion = 10.0.40219.1
Project("{FAE04EC0-301F-11D3-BF4B-00C04F79EFBC}") = "RAAMEN", "RAAMEN\RAAMEN.csproj", "{BC9D0E48-4D83-4817-8BA7-C575817E6841}"
EndProject
Global
	GlobalSection(SolutionConfigurationPlatforms) = preSolution
		Debug|Any CPU = Debug|Any CPU
		Release|Any CPU = Release|Any CPU
	EndGlobalSection
	GlobalSection(ProjectConfigurationPlatforms) = postSolution
		{BC9D0E48-4D83-4817-8BA7-C575817E6841}.Debug|Any CPU.ActiveCfg = Debug|Any CPU
		{BC9D0E48-4D83-4817-8BA7-C575817E6841}.Debug|Any CPU.Build.0 = Debug|Any CPU
		{BC9D0E48-4D83-4817-8BA7-C575817E6841}.Release|Any CPU.ActiveCfg = Release|Any CPU
		{BC9D0E48-4D83-4817-8BA7-C575817E6841}.Release|Any CPU.Build.0 = Release|Any CPU
	EndGlobalSection
	GlobalSection(SolutionProperties) = preSolution
		HideSolutionNode = FALSE
	EndGlobalSection
	GlobalSection(ExtensibilityGlobals) = postSolution
		SolutionGuid = {14D9A031-7FB4-4496-8F92-5E253741C611}
	EndGlobalSection
EndGlobal
